
Microsoft Visual Studio Solution File, Format Version 12.00
# Visual Studio Version 16
VisualStudioVersion = 16.0.30621.155
MinimumVisualStudioVersion = 10.0.40219.1
Project("{FAE04EC0-301F-11D3-BF4B-00C04F79EFBC}") = "BackEnd", "BackEnd\BackEnd.csproj", "{76A1AA59-ECA4-4660-A80E-BD6ACD8B75CF}"
EndProject
Project("{FAE04EC0-301F-11D3-BF4B-00C04F79EFBC}") = "UnitTest", "UnitTest\UnitTest.csproj", "{2CF5333A-07A4-4000-9107-F40E42A1AC5C}"
EndProject
Global
	GlobalSection(SolutionConfigurationPlatforms) = preSolution
		Debug|Any CPU = Debug|Any CPU
		Release|Any CPU = Release|Any CPU
	EndGlobalSection
	GlobalSection(ProjectConfigurationPlatforms) = postSolution
		{76A1AA59-ECA4-4660-A80E-BD6ACD8B75CF}.Debug|Any CPU.ActiveCfg = Debug|Any CPU
		{76A1AA59-ECA4-4660-A80E-BD6ACD8B75CF}.Debug|Any CPU.Build.0 = Debug|Any CPU
		{76A1AA59-ECA4-4660-A80E-BD6ACD8B75CF}.Release|Any CPU.ActiveCfg = Release|Any CPU
		{76A1AA59-ECA4-4660-A80E-BD6ACD8B75CF}.Release|Any CPU.Build.0 = Release|Any CPU
		{2CF5333A-07A4-4000-9107-F40E42A1AC5C}.Debug|Any CPU.ActiveCfg = Debug|Any CPU
		{2CF5333A-07A4-4000-9107-F40E42A1AC5C}.Debug|Any CPU.Build.0 = Debug|Any CPU
		{2CF5333A-07A4-4000-9107-F40E42A1AC5C}.Release|Any CPU.ActiveCfg = Release|Any CPU
		{2CF5333A-07A4-4000-9107-F40E42A1AC5C}.Release|Any CPU.Build.0 = Release|Any CPU
	EndGlobalSection
	GlobalSection(SolutionProperties) = preSolution
		HideSolutionNode = FALSE
	EndGlobalSection
	GlobalSection(ExtensibilityGlobals) = postSolution
		SolutionGuid = {A223AE66-8D61-4490-B6F1-8A225BDE9626}
	EndGlobalSection
EndGlobal
